{
  "name": "Algoritmie-de-recherche-en-JavaScript",
  "lockfileVersion": 2,
  "requires": true,
  "packages": {
    "": {
      "dependencies": {
        "nodemodule": "^0.3.0"
      }
    },
    "node_modules/nodemodule": {
      "version": "0.3.0",
      "resolved": "https://registry.npmjs.org/nodemodule/-/nodemodule-0.3.0.tgz",
      "integrity": "sha1-e3XaP8q0RC1SbauC5VYq9CBjyD0="
    }
  },
  "dependencies": {
    "nodemodule": {
      "version": "0.3.0",
      "resolved": "https://registry.npmjs.org/nodemodule/-/nodemodule-0.3.0.tgz",
      "integrity": "sha1-e3XaP8q0RC1SbauC5VYq9CBjyD0="
    }
  }
}
